
Microsoft Visual Studio Solution File, Format Version 12.00
# Visual Studio 15
VisualStudioVersion = 15.0.28010.2036
MinimumVisualStudioVersion = 10.0.40219.1
Project("{059D6162-CD51-11D0-AE1F-00A0C90FFFC3}") = "ctf", "ctf\ctf.dsp", "{81108B35-BF7B-45F4-8947-7245B9D3132B}"
EndProject
Project("{059D6162-CD51-11D0-AE1F-00A0C90FFFC3}") = "game", "game\game.dsp", "{689C897C-9C4B-4D8D-9C71-3B032B09B50D}"
EndProject
Project("{059D6162-CD51-11D0-AE1F-00A0C90FFFC3}") = "quake2", "quake2.dsp", "{47F90749-9CCD-4B6D-9D28-DD1DDCE920D7}"
EndProject
Project("{059D6162-CD51-11D0-AE1F-00A0C90FFFC3}") = "ref_gl", "ref_gl\ref_gl.dsp", "{E66D5099-87C8-405E-B871-742568B3374A}"
EndProject
Project("{059D6162-CD51-11D0-AE1F-00A0C90FFFC3}") = "ref_soft", "ref_soft\ref_soft.dsp", "{053A988D-9BE9-4FF4-9E53-E8D4D01F5050}"
EndProject
Global
	GlobalSection(SolutionProperties) = preSolution
		HideSolutionNode = FALSE
	EndGlobalSection
	GlobalSection(ExtensibilityGlobals) = postSolution
		SolutionGuid = {17EBC61B-6BA9-4BF4-86D3-BF3BFCF810F8}
	EndGlobalSection
EndGlobal
